
Microsoft Visual Studio Solution File, Format Version 12.00
# Visual Studio 14
VisualStudioVersion = 14.0.25420.1
MinimumVisualStudioVersion = 10.0.40219.1
Project("{FAE04EC0-301F-11D3-BF4B-00C04F79EFBC}") = "XFMD", "XFMD\XFMD\XFMD.csproj", "{9FFE0CD7-68A6-46A6-B5D7-304210FE866C}"
EndProject
Project("{FAE04EC0-301F-11D3-BF4B-00C04F79EFBC}") = "XFMD.Droid", "XFMD\XFMD.Droid\XFMD.Droid.csproj", "{CD12083D-CA1E-4FFF-A8BE-D441DE35DA3A}"
EndProject
Project("{FAE04EC0-301F-11D3-BF4B-00C04F79EFBC}") = "XFMD.iOS", "XFMD\XFMD.iOS\XFMD.iOS.csproj", "{47116AEA-FFD1-476F-8C50-6A96824A0B05}"
EndProject
Global
	GlobalSection(SolutionConfigurationPlatforms) = preSolution
		Ad-Hoc|Any CPU = Ad-Hoc|Any CPU
		Ad-Hoc|iPhone = Ad-Hoc|iPhone
		Ad-Hoc|iPhoneSimulator = Ad-Hoc|iPhoneSimulator
		AppStore|Any CPU = AppStore|Any CPU
		AppStore|iPhone = AppStore|iPhone
		AppStore|iPhoneSimulator = AppStore|iPhoneSimulator
		Debug|Any CPU = Debug|Any CPU
		Debug|iPhone = Debug|iPhone
		Debug|iPhoneSimulator = Debug|iPhoneSimulator
		Release|Any CPU = Release|Any CPU
		Release|iPhone = Release|iPhone
		Release|iPhoneSimulator = Release|iPhoneSimulator
	EndGlobalSection
	GlobalSection(ProjectConfigurationPlatforms) = postSolution
		{9FFE0CD7-68A6-46A6-B5D7-304210FE866C}.Ad-Hoc|Any CPU.ActiveCfg = Release|Any CPU
		{9FFE0CD7-68A6-46A6-B5D7-304210FE866C}.Ad-Hoc|Any CPU.Build.0 = Release|Any CPU
		{9FFE0CD7-68A6-46A6-B5D7-304210FE866C}.Ad-Hoc|iPhone.ActiveCfg = Release|Any CPU
		{9FFE0CD7-68A6-46A6-B5D7-304210FE866C}.Ad-Hoc|iPhone.Build.0 = Release|Any CPU
		{9FFE0CD7-68A6-46A6-B5D7-304210FE866C}.Ad-Hoc|iPhoneSimulator.ActiveCfg = Release|Any CPU
		{9FFE0CD7-68A6-46A6-B5D7-304210FE866C}.Ad-Hoc|iPhoneSimulator.Build.0 = Release|Any CPU
		{9FFE0CD7-68A6-46A6-B5D7-304210FE866C}.AppStore|Any CPU.ActiveCfg = Release|Any CPU
		{9FFE0CD7-68A6-46A6-B5D7-304210FE866C}.AppStore|Any CPU.Build.0 = Release|Any CPU
		{9FFE0CD7-68A6-46A6-B5D7-304210FE866C}.AppStore|iPhone.ActiveCfg = Release|Any CPU
		{9FFE0CD7-68A6-46A6-B5D7-304210FE866C}.AppStore|iPhone.Build.0 = Release|Any CPU
		{9FFE0CD7-68A6-46A6-B5D7-304210FE866C}.AppStore|iPhoneSimulator.ActiveCfg = Release|Any CPU
		{9FFE0CD7-68A6-46A6-B5D7-304210FE866C}.AppStore|iPhoneSimulator.Build.0 = Release|Any CPU
		{9FFE0CD7-68A6-46A6-B5D7-304210FE866C}.Debug|Any CPU.ActiveCfg = Debug|Any CPU
		{9FFE0CD7-68A6-46A6-B5D7-304210FE866C}.Debug|Any CPU.Build.0 = Debug|Any CPU
		{9FFE0CD7-68A6-46A6-B5D7-304210FE866C}.Debug|iPhone.ActiveCfg = Debug|Any CPU
		{9FFE0CD7-68A6-46A6-B5D7-304210FE866C}.Debug|iPhone.Build.0 = Debug|Any CPU
		{9FFE0CD7-68A6-46A6-B5D7-304210FE866C}.Debug|iPhoneSimulator.ActiveCfg = Debug|Any CPU
		{9FFE0CD7-68A6-46A6-B5D7-304210FE866C}.Debug|iPhoneSimulator.Build.0 = Debug|Any CPU
		{9FFE0CD7-68A6-46A6-B5D7-304210FE866C}.Release|Any CPU.ActiveCfg = Release|Any CPU
		{9FFE0CD7-68A6-46A6-B5D7-304210FE866C}.Release|Any CPU.Build.0 = Release|Any CPU
		{9FFE0CD7-68A6-46A6-B5D7-304210FE866C}.Release|iPhone.ActiveCfg = Release|Any CPU
		{9FFE0CD7-68A6-46A6-B5D7-304210FE866C}.Release|iPhone.Build.0 = Release|Any CPU
		{9FFE0CD7-68A6-46A6-B5D7-304210FE866C}.Release|iPhoneSimulator.ActiveCfg = Release|Any CPU
		{9FFE0CD7-68A6-46A6-B5D7-304210FE866C}.Release|iPhoneSimulator.Build.0 = Release|Any CPU
		{CD12083D-CA1E-4FFF-A8BE-D441DE35DA3A}.Ad-Hoc|Any CPU.ActiveCfg = Release|Any CPU
		{CD12083D-CA1E-4FFF-A8BE-D441DE35DA3A}.Ad-Hoc|Any CPU.Build.0 = Release|Any CPU
		{CD12083D-CA1E-4FFF-A8BE-D441DE35DA3A}.Ad-Hoc|Any CPU.Deploy.0 = Release|Any CPU
		{CD12083D-CA1E-4FFF-A8BE-D441DE35DA3A}.Ad-Hoc|iPhone.ActiveCfg = Release|Any CPU
		{CD12083D-CA1E-4FFF-A8BE-D441DE35DA3A}.Ad-Hoc|iPhone.Build.0 = Release|Any CPU
		{CD12083D-CA1E-4FFF-A8BE-D441DE35DA3A}.Ad-Hoc|iPhone.Deploy.0 = Release|Any CPU
		{CD12083D-CA1E-4FFF-A8BE-D441DE35DA3A}.Ad-Hoc|iPhoneSimulator.ActiveCfg = Release|Any CPU
		{CD12083D-CA1E-4FFF-A8BE-D441DE35DA3A}.Ad-Hoc|iPhoneSimulator.Build.0 = Release|Any CPU
		{CD12083D-CA1E-4FFF-A8BE-D441DE35DA3A}.Ad-Hoc|iPhoneSimulator.Deploy.0 = Release|Any CPU
		{CD12083D-CA1E-4FFF-A8BE-D441DE35DA3A}.AppStore|Any CPU.ActiveCfg = Release|Any CPU
		{CD12083D-CA1E-4FFF-A8BE-D441DE35DA3A}.AppStore|Any CPU.Build.0 = Release|Any CPU
		{CD12083D-CA1E-4FFF-A8BE-D441DE35DA3A}.AppStore|Any CPU.Deploy.0 = Release|Any CPU
		{CD12083D-CA1E-4FFF-A8BE-D441DE35DA3A}.AppStore|iPhone.ActiveCfg = Release|Any CPU
		{CD12083D-CA1E-4FFF-A8BE-D441DE35DA3A}.AppStore|iPhone.Build.0 = Release|Any CPU
		{CD12083D-CA1E-4FFF-A8BE-D441DE35DA3A}.AppStore|iPhone.Deploy.0 = Release|Any CPU
		{CD12083D-CA1E-4FFF-A8BE-D441DE35DA3A}.AppStore|iPhoneSimulator.ActiveCfg = Release|Any CPU
		{CD12083D-CA1E-4FFF-A8BE-D441DE35DA3A}.AppStore|iPhoneSimulator.Build.0 = Release|Any CPU
		{CD12083D-CA1E-4FFF-A8BE-D441DE35DA3A}.AppStore|iPhoneSimulator.Deploy.0 = Release|Any CPU
		{CD12083D-CA1E-4FFF-A8BE-D441DE35DA3A}.Debug|Any CPU.ActiveCfg = Debug|Any CPU
		{CD12083D-CA1E-4FFF-A8BE-D441DE35DA3A}.Debug|Any CPU.Build.0 = Debug|Any CPU
		{CD12083D-CA1E-4FFF-A8BE-D441DE35DA3A}.Debug|Any CPU.Deploy.0 = Debug|Any CPU
		{CD12083D-CA1E-4FFF-A8BE-D441DE35DA3A}.Debug|iPhone.ActiveCfg = Debug|Any CPU
		{CD12083D-CA1E-4FFF-A8BE-D441DE35DA3A}.Debug|iPhone.Build.0 = Debug|Any CPU
		{CD12083D-CA1E-4FFF-A8BE-D441DE35DA3A}.Debug|iPhone.Deploy.0 = Debug|Any CPU
		{CD12083D-CA1E-4FFF-A8BE-D441DE35DA3A}.Debug|iPhoneSimulator.ActiveCfg = Debug|Any CPU
		{CD12083D-CA1E-4FFF-A8BE-D441DE35DA3A}.Debug|iPhoneSimulator.Build.0 = Debug|Any CPU
		{CD12083D-CA1E-4FFF-A8BE-D441DE35DA3A}.Debug|iPhoneSimulator.Deploy.0 = Debug|Any CPU
		{CD12083D-CA1E-4FFF-A8BE-D441DE35DA3A}.Release|Any CPU.ActiveCfg = Release|Any CPU
		{CD12083D-CA1E-4FFF-A8BE-D441DE35DA3A}.Release|Any CPU.Build.0 = Release|Any CPU
		{CD12083D-CA1E-4FFF-A8BE-D441DE35DA3A}.Release|Any CPU.Deploy.0 = Release|Any CPU
		{CD12083D-CA1E-4FFF-A8BE-D441DE35DA3A}.Release|iPhone.ActiveCfg = Release|Any CPU
		{CD12083D-CA1E-4FFF-A8BE-D441DE35DA3A}.Release|iPhone.Build.0 = Release|Any CPU
		{CD12083D-CA1E-4FFF-A8BE-D441DE35DA3A}.Release|iPhone.Deploy.0 = Release|Any CPU
		{CD12083D-CA1E-4FFF-A8BE-D441DE35DA3A}.Release|iPhoneSimulator.ActiveCfg = Release|Any CPU
		{CD12083D-CA1E-4FFF-A8BE-D441DE35DA3A}.Release|iPhoneSimulator.Build.0 = Release|Any CPU
		{CD12083D-CA1E-4FFF-A8BE-D441DE35DA3A}.Release|iPhoneSimulator.Deploy.0 = Release|Any CPU
		{47116AEA-FFD1-476F-8C50-6A96824A0B05}.Ad-Hoc|Any CPU.ActiveCfg = Ad-Hoc|iPhone
		{47116AEA-FFD1-476F-8C50-6A96824A0B05}.Ad-Hoc|iPhone.ActiveCfg = Ad-Hoc|iPhone
		{47116AEA-FFD1-476F-8C50-6A96824A0B05}.Ad-Hoc|iPhone.Build.0 = Ad-Hoc|iPhone
		{47116AEA-FFD1-476F-8C50-6A96824A0B05}.Ad-Hoc|iPhoneSimulator.ActiveCfg = Ad-Hoc|iPhoneSimulator
		{47116AEA-FFD1-476F-8C50-6A96824A0B05}.Ad-Hoc|iPhoneSimulator.Build.0 = Ad-Hoc|iPhoneSimulator
		{47116AEA-FFD1-476F-8C50-6A96824A0B05}.AppStore|Any CPU.ActiveCfg = AppStore|iPhone
		{47116AEA-FFD1-476F-8C50-6A96824A0B05}.AppStore|iPhone.ActiveCfg = AppStore|iPhone
		{47116AEA-FFD1-476F-8C50-6A96824A0B05}.AppStore|iPhone.Build.0 = AppStore|iPhone
		{47116AEA-FFD1-476F-8C50-6A96824A0B05}.AppStore|iPhoneSimulator.ActiveCfg = AppStore|iPhoneSimulator
		{47116AEA-FFD1-476F-8C50-6A96824A0B05}.AppStore|iPhoneSimulator.Build.0 = AppStore|iPhoneSimulator
		{47116AEA-FFD1-476F-8C50-6A96824A0B05}.Debug|Any CPU.ActiveCfg = Debug|iPhone
		{47116AEA-FFD1-476F-8C50-6A96824A0B05}.Debug|iPhone.ActiveCfg = Debug|iPhone
		{47116AEA-FFD1-476F-8C50-6A96824A0B05}.Debug|iPhone.Build.0 = Debug|iPhone
		{47116AEA-FFD1-476F-8C50-6A96824A0B05}.Debug|iPhoneSimulator.ActiveCfg = Debug|iPhoneSimulator
		{47116AEA-FFD1-476F-8C50-6A96824A0B05}.Debug|iPhoneSimulator.Build.0 = Debug|iPhoneSimulator
		{47116AEA-FFD1-476F-8C50-6A96824A0B05}.Release|Any CPU.ActiveCfg = Release|iPhone
		{47116AEA-FFD1-476F-8C50-6A96824A0B05}.Release|iPhone.ActiveCfg = Release|iPhone
		{47116AEA-FFD1-476F-8C50-6A96824A0B05}.Release|iPhone.Build.0 = Release|iPhone
		{47116AEA-FFD1-476F-8C50-6A96824A0B05}.Release|iPhoneSimulator.ActiveCfg = Release|iPhoneSimulator
		{47116AEA-FFD1-476F-8C50-6A96824A0B05}.Release|iPhoneSimulator.Build.0 = Release|iPhoneSimulator
	EndGlobalSection
	GlobalSection(SolutionProperties) = preSolution
		HideSolutionNode = FALSE
	EndGlobalSection
EndGlobal
