
Microsoft Visual Studio Solution File, Format Version 12.00
# Visual Studio 14
VisualStudioVersion = 14.0.25420.1
MinimumVisualStudioVersion = 10.0.40219.1
Project("{FAE04EC0-301F-11D3-BF4B-00C04F79EFBC}") = "xfResource", "xfResource\xfResource\xfResource.csproj", "{26916B46-E60C-4BAA-AD23-08D6F81B1085}"
EndProject
Project("{FAE04EC0-301F-11D3-BF4B-00C04F79EFBC}") = "xfResource.Droid", "xfResource\xfResource.Droid\xfResource.Droid.csproj", "{B4A88794-143E-4A8D-9E35-A978529C4D0A}"
EndProject
Project("{FAE04EC0-301F-11D3-BF4B-00C04F79EFBC}") = "xfResource.iOS", "xfResource\xfResource.iOS\xfResource.iOS.csproj", "{C4D7705E-3EA8-4F22-B513-B109BAA099E7}"
EndProject
Global
	GlobalSection(SolutionConfigurationPlatforms) = preSolution
		Ad-Hoc|Any CPU = Ad-Hoc|Any CPU
		Ad-Hoc|iPhone = Ad-Hoc|iPhone
		Ad-Hoc|iPhoneSimulator = Ad-Hoc|iPhoneSimulator
		AppStore|Any CPU = AppStore|Any CPU
		AppStore|iPhone = AppStore|iPhone
		AppStore|iPhoneSimulator = AppStore|iPhoneSimulator
		Debug|Any CPU = Debug|Any CPU
		Debug|iPhone = Debug|iPhone
		Debug|iPhoneSimulator = Debug|iPhoneSimulator
		Release|Any CPU = Release|Any CPU
		Release|iPhone = Release|iPhone
		Release|iPhoneSimulator = Release|iPhoneSimulator
	EndGlobalSection
	GlobalSection(ProjectConfigurationPlatforms) = postSolution
		{26916B46-E60C-4BAA-AD23-08D6F81B1085}.Ad-Hoc|Any CPU.ActiveCfg = Release|Any CPU
		{26916B46-E60C-4BAA-AD23-08D6F81B1085}.Ad-Hoc|Any CPU.Build.0 = Release|Any CPU
		{26916B46-E60C-4BAA-AD23-08D6F81B1085}.Ad-Hoc|iPhone.ActiveCfg = Release|Any CPU
		{26916B46-E60C-4BAA-AD23-08D6F81B1085}.Ad-Hoc|iPhone.Build.0 = Release|Any CPU
		{26916B46-E60C-4BAA-AD23-08D6F81B1085}.Ad-Hoc|iPhoneSimulator.ActiveCfg = Release|Any CPU
		{26916B46-E60C-4BAA-AD23-08D6F81B1085}.Ad-Hoc|iPhoneSimulator.Build.0 = Release|Any CPU
		{26916B46-E60C-4BAA-AD23-08D6F81B1085}.AppStore|Any CPU.ActiveCfg = Release|Any CPU
		{26916B46-E60C-4BAA-AD23-08D6F81B1085}.AppStore|Any CPU.Build.0 = Release|Any CPU
		{26916B46-E60C-4BAA-AD23-08D6F81B1085}.AppStore|iPhone.ActiveCfg = Release|Any CPU
		{26916B46-E60C-4BAA-AD23-08D6F81B1085}.AppStore|iPhone.Build.0 = Release|Any CPU
		{26916B46-E60C-4BAA-AD23-08D6F81B1085}.AppStore|iPhoneSimulator.ActiveCfg = Release|Any CPU
		{26916B46-E60C-4BAA-AD23-08D6F81B1085}.AppStore|iPhoneSimulator.Build.0 = Release|Any CPU
		{26916B46-E60C-4BAA-AD23-08D6F81B1085}.Debug|Any CPU.ActiveCfg = Debug|Any CPU
		{26916B46-E60C-4BAA-AD23-08D6F81B1085}.Debug|Any CPU.Build.0 = Debug|Any CPU
		{26916B46-E60C-4BAA-AD23-08D6F81B1085}.Debug|iPhone.ActiveCfg = Debug|Any CPU
		{26916B46-E60C-4BAA-AD23-08D6F81B1085}.Debug|iPhone.Build.0 = Debug|Any CPU
		{26916B46-E60C-4BAA-AD23-08D6F81B1085}.Debug|iPhoneSimulator.ActiveCfg = Debug|Any CPU
		{26916B46-E60C-4BAA-AD23-08D6F81B1085}.Debug|iPhoneSimulator.Build.0 = Debug|Any CPU
		{26916B46-E60C-4BAA-AD23-08D6F81B1085}.Release|Any CPU.ActiveCfg = Release|Any CPU
		{26916B46-E60C-4BAA-AD23-08D6F81B1085}.Release|Any CPU.Build.0 = Release|Any CPU
		{26916B46-E60C-4BAA-AD23-08D6F81B1085}.Release|iPhone.ActiveCfg = Release|Any CPU
		{26916B46-E60C-4BAA-AD23-08D6F81B1085}.Release|iPhone.Build.0 = Release|Any CPU
		{26916B46-E60C-4BAA-AD23-08D6F81B1085}.Release|iPhoneSimulator.ActiveCfg = Release|Any CPU
		{26916B46-E60C-4BAA-AD23-08D6F81B1085}.Release|iPhoneSimulator.Build.0 = Release|Any CPU
		{B4A88794-143E-4A8D-9E35-A978529C4D0A}.Ad-Hoc|Any CPU.ActiveCfg = Release|Any CPU
		{B4A88794-143E-4A8D-9E35-A978529C4D0A}.Ad-Hoc|Any CPU.Build.0 = Release|Any CPU
		{B4A88794-143E-4A8D-9E35-A978529C4D0A}.Ad-Hoc|Any CPU.Deploy.0 = Release|Any CPU
		{B4A88794-143E-4A8D-9E35-A978529C4D0A}.Ad-Hoc|iPhone.ActiveCfg = Release|Any CPU
		{B4A88794-143E-4A8D-9E35-A978529C4D0A}.Ad-Hoc|iPhone.Build.0 = Release|Any CPU
		{B4A88794-143E-4A8D-9E35-A978529C4D0A}.Ad-Hoc|iPhone.Deploy.0 = Release|Any CPU
		{B4A88794-143E-4A8D-9E35-A978529C4D0A}.Ad-Hoc|iPhoneSimulator.ActiveCfg = Release|Any CPU
		{B4A88794-143E-4A8D-9E35-A978529C4D0A}.Ad-Hoc|iPhoneSimulator.Build.0 = Release|Any CPU
		{B4A88794-143E-4A8D-9E35-A978529C4D0A}.Ad-Hoc|iPhoneSimulator.Deploy.0 = Release|Any CPU
		{B4A88794-143E-4A8D-9E35-A978529C4D0A}.AppStore|Any CPU.ActiveCfg = Release|Any CPU
		{B4A88794-143E-4A8D-9E35-A978529C4D0A}.AppStore|Any CPU.Build.0 = Release|Any CPU
		{B4A88794-143E-4A8D-9E35-A978529C4D0A}.AppStore|Any CPU.Deploy.0 = Release|Any CPU
		{B4A88794-143E-4A8D-9E35-A978529C4D0A}.AppStore|iPhone.ActiveCfg = Release|Any CPU
		{B4A88794-143E-4A8D-9E35-A978529C4D0A}.AppStore|iPhone.Build.0 = Release|Any CPU
		{B4A88794-143E-4A8D-9E35-A978529C4D0A}.AppStore|iPhone.Deploy.0 = Release|Any CPU
		{B4A88794-143E-4A8D-9E35-A978529C4D0A}.AppStore|iPhoneSimulator.ActiveCfg = Release|Any CPU
		{B4A88794-143E-4A8D-9E35-A978529C4D0A}.AppStore|iPhoneSimulator.Build.0 = Release|Any CPU
		{B4A88794-143E-4A8D-9E35-A978529C4D0A}.AppStore|iPhoneSimulator.Deploy.0 = Release|Any CPU
		{B4A88794-143E-4A8D-9E35-A978529C4D0A}.Debug|Any CPU.ActiveCfg = Debug|Any CPU
		{B4A88794-143E-4A8D-9E35-A978529C4D0A}.Debug|Any CPU.Build.0 = Debug|Any CPU
		{B4A88794-143E-4A8D-9E35-A978529C4D0A}.Debug|Any CPU.Deploy.0 = Debug|Any CPU
		{B4A88794-143E-4A8D-9E35-A978529C4D0A}.Debug|iPhone.ActiveCfg = Debug|Any CPU
		{B4A88794-143E-4A8D-9E35-A978529C4D0A}.Debug|iPhone.Build.0 = Debug|Any CPU
		{B4A88794-143E-4A8D-9E35-A978529C4D0A}.Debug|iPhone.Deploy.0 = Debug|Any CPU
		{B4A88794-143E-4A8D-9E35-A978529C4D0A}.Debug|iPhoneSimulator.ActiveCfg = Debug|Any CPU
		{B4A88794-143E-4A8D-9E35-A978529C4D0A}.Debug|iPhoneSimulator.Build.0 = Debug|Any CPU
		{B4A88794-143E-4A8D-9E35-A978529C4D0A}.Debug|iPhoneSimulator.Deploy.0 = Debug|Any CPU
		{B4A88794-143E-4A8D-9E35-A978529C4D0A}.Release|Any CPU.ActiveCfg = Release|Any CPU
		{B4A88794-143E-4A8D-9E35-A978529C4D0A}.Release|Any CPU.Build.0 = Release|Any CPU
		{B4A88794-143E-4A8D-9E35-A978529C4D0A}.Release|Any CPU.Deploy.0 = Release|Any CPU
		{B4A88794-143E-4A8D-9E35-A978529C4D0A}.Release|iPhone.ActiveCfg = Release|Any CPU
		{B4A88794-143E-4A8D-9E35-A978529C4D0A}.Release|iPhone.Build.0 = Release|Any CPU
		{B4A88794-143E-4A8D-9E35-A978529C4D0A}.Release|iPhone.Deploy.0 = Release|Any CPU
		{B4A88794-143E-4A8D-9E35-A978529C4D0A}.Release|iPhoneSimulator.ActiveCfg = Release|Any CPU
		{B4A88794-143E-4A8D-9E35-A978529C4D0A}.Release|iPhoneSimulator.Build.0 = Release|Any CPU
		{B4A88794-143E-4A8D-9E35-A978529C4D0A}.Release|iPhoneSimulator.Deploy.0 = Release|Any CPU
		{C4D7705E-3EA8-4F22-B513-B109BAA099E7}.Ad-Hoc|Any CPU.ActiveCfg = Ad-Hoc|iPhone
		{C4D7705E-3EA8-4F22-B513-B109BAA099E7}.Ad-Hoc|iPhone.ActiveCfg = Ad-Hoc|iPhone
		{C4D7705E-3EA8-4F22-B513-B109BAA099E7}.Ad-Hoc|iPhone.Build.0 = Ad-Hoc|iPhone
		{C4D7705E-3EA8-4F22-B513-B109BAA099E7}.Ad-Hoc|iPhoneSimulator.ActiveCfg = Ad-Hoc|iPhoneSimulator
		{C4D7705E-3EA8-4F22-B513-B109BAA099E7}.Ad-Hoc|iPhoneSimulator.Build.0 = Ad-Hoc|iPhoneSimulator
		{C4D7705E-3EA8-4F22-B513-B109BAA099E7}.AppStore|Any CPU.ActiveCfg = AppStore|iPhone
		{C4D7705E-3EA8-4F22-B513-B109BAA099E7}.AppStore|iPhone.ActiveCfg = AppStore|iPhone
		{C4D7705E-3EA8-4F22-B513-B109BAA099E7}.AppStore|iPhone.Build.0 = AppStore|iPhone
		{C4D7705E-3EA8-4F22-B513-B109BAA099E7}.AppStore|iPhoneSimulator.ActiveCfg = AppStore|iPhoneSimulator
		{C4D7705E-3EA8-4F22-B513-B109BAA099E7}.AppStore|iPhoneSimulator.Build.0 = AppStore|iPhoneSimulator
		{C4D7705E-3EA8-4F22-B513-B109BAA099E7}.Debug|Any CPU.ActiveCfg = Debug|iPhone
		{C4D7705E-3EA8-4F22-B513-B109BAA099E7}.Debug|iPhone.ActiveCfg = Debug|iPhone
		{C4D7705E-3EA8-4F22-B513-B109BAA099E7}.Debug|iPhone.Build.0 = Debug|iPhone
		{C4D7705E-3EA8-4F22-B513-B109BAA099E7}.Debug|iPhoneSimulator.ActiveCfg = Debug|iPhoneSimulator
		{C4D7705E-3EA8-4F22-B513-B109BAA099E7}.Debug|iPhoneSimulator.Build.0 = Debug|iPhoneSimulator
		{C4D7705E-3EA8-4F22-B513-B109BAA099E7}.Release|Any CPU.ActiveCfg = Release|iPhone
		{C4D7705E-3EA8-4F22-B513-B109BAA099E7}.Release|iPhone.ActiveCfg = Release|iPhone
		{C4D7705E-3EA8-4F22-B513-B109BAA099E7}.Release|iPhone.Build.0 = Release|iPhone
		{C4D7705E-3EA8-4F22-B513-B109BAA099E7}.Release|iPhoneSimulator.ActiveCfg = Release|iPhoneSimulator
		{C4D7705E-3EA8-4F22-B513-B109BAA099E7}.Release|iPhoneSimulator.Build.0 = Release|iPhoneSimulator
	EndGlobalSection
	GlobalSection(SolutionProperties) = preSolution
		HideSolutionNode = FALSE
	EndGlobalSection
EndGlobal
