
Microsoft Visual Studio Solution File, Format Version 12.00
# Visual Studio 15
VisualStudioVersion = 15.0.26228.9
MinimumVisualStudioVersion = 10.0.40219.1
Project("{FAE04EC0-301F-11D3-BF4B-00C04F79EFBC}") = "XFUC", "XFUC\XFUC\XFUC.csproj", "{B92FB3E7-93B2-4E2E-8316-35061CF1BFAA}"
EndProject
Project("{FAE04EC0-301F-11D3-BF4B-00C04F79EFBC}") = "XFUC.Droid", "XFUC\XFUC.Droid\XFUC.Droid.csproj", "{1EFB26D3-6BCC-44A2-82F5-E32A6A478C7A}"
EndProject
Project("{FAE04EC0-301F-11D3-BF4B-00C04F79EFBC}") = "XFUC.iOS", "XFUC\XFUC.iOS\XFUC.iOS.csproj", "{006F37CC-22F6-40D7-A0B1-2383FE5BC8C6}"
EndProject
Global
	GlobalSection(SolutionConfigurationPlatforms) = preSolution
		Ad-Hoc|Any CPU = Ad-Hoc|Any CPU
		Ad-Hoc|iPhone = Ad-Hoc|iPhone
		Ad-Hoc|iPhoneSimulator = Ad-Hoc|iPhoneSimulator
		AppStore|Any CPU = AppStore|Any CPU
		AppStore|iPhone = AppStore|iPhone
		AppStore|iPhoneSimulator = AppStore|iPhoneSimulator
		Debug|Any CPU = Debug|Any CPU
		Debug|iPhone = Debug|iPhone
		Debug|iPhoneSimulator = Debug|iPhoneSimulator
		Release|Any CPU = Release|Any CPU
		Release|iPhone = Release|iPhone
		Release|iPhoneSimulator = Release|iPhoneSimulator
	EndGlobalSection
	GlobalSection(ProjectConfigurationPlatforms) = postSolution
		{B92FB3E7-93B2-4E2E-8316-35061CF1BFAA}.Ad-Hoc|Any CPU.ActiveCfg = Release|Any CPU
		{B92FB3E7-93B2-4E2E-8316-35061CF1BFAA}.Ad-Hoc|Any CPU.Build.0 = Release|Any CPU
		{B92FB3E7-93B2-4E2E-8316-35061CF1BFAA}.Ad-Hoc|iPhone.ActiveCfg = Release|Any CPU
		{B92FB3E7-93B2-4E2E-8316-35061CF1BFAA}.Ad-Hoc|iPhone.Build.0 = Release|Any CPU
		{B92FB3E7-93B2-4E2E-8316-35061CF1BFAA}.Ad-Hoc|iPhoneSimulator.ActiveCfg = Release|Any CPU
		{B92FB3E7-93B2-4E2E-8316-35061CF1BFAA}.Ad-Hoc|iPhoneSimulator.Build.0 = Release|Any CPU
		{B92FB3E7-93B2-4E2E-8316-35061CF1BFAA}.AppStore|Any CPU.ActiveCfg = Release|Any CPU
		{B92FB3E7-93B2-4E2E-8316-35061CF1BFAA}.AppStore|Any CPU.Build.0 = Release|Any CPU
		{B92FB3E7-93B2-4E2E-8316-35061CF1BFAA}.AppStore|iPhone.ActiveCfg = Release|Any CPU
		{B92FB3E7-93B2-4E2E-8316-35061CF1BFAA}.AppStore|iPhone.Build.0 = Release|Any CPU
		{B92FB3E7-93B2-4E2E-8316-35061CF1BFAA}.AppStore|iPhoneSimulator.ActiveCfg = Release|Any CPU
		{B92FB3E7-93B2-4E2E-8316-35061CF1BFAA}.AppStore|iPhoneSimulator.Build.0 = Release|Any CPU
		{B92FB3E7-93B2-4E2E-8316-35061CF1BFAA}.Debug|Any CPU.ActiveCfg = Debug|Any CPU
		{B92FB3E7-93B2-4E2E-8316-35061CF1BFAA}.Debug|Any CPU.Build.0 = Debug|Any CPU
		{B92FB3E7-93B2-4E2E-8316-35061CF1BFAA}.Debug|iPhone.ActiveCfg = Debug|Any CPU
		{B92FB3E7-93B2-4E2E-8316-35061CF1BFAA}.Debug|iPhone.Build.0 = Debug|Any CPU
		{B92FB3E7-93B2-4E2E-8316-35061CF1BFAA}.Debug|iPhoneSimulator.ActiveCfg = Debug|Any CPU
		{B92FB3E7-93B2-4E2E-8316-35061CF1BFAA}.Debug|iPhoneSimulator.Build.0 = Debug|Any CPU
		{B92FB3E7-93B2-4E2E-8316-35061CF1BFAA}.Release|Any CPU.ActiveCfg = Release|Any CPU
		{B92FB3E7-93B2-4E2E-8316-35061CF1BFAA}.Release|Any CPU.Build.0 = Release|Any CPU
		{B92FB3E7-93B2-4E2E-8316-35061CF1BFAA}.Release|iPhone.ActiveCfg = Release|Any CPU
		{B92FB3E7-93B2-4E2E-8316-35061CF1BFAA}.Release|iPhone.Build.0 = Release|Any CPU
		{B92FB3E7-93B2-4E2E-8316-35061CF1BFAA}.Release|iPhoneSimulator.ActiveCfg = Release|Any CPU
		{B92FB3E7-93B2-4E2E-8316-35061CF1BFAA}.Release|iPhoneSimulator.Build.0 = Release|Any CPU
		{1EFB26D3-6BCC-44A2-82F5-E32A6A478C7A}.Ad-Hoc|Any CPU.ActiveCfg = Release|Any CPU
		{1EFB26D3-6BCC-44A2-82F5-E32A6A478C7A}.Ad-Hoc|Any CPU.Build.0 = Release|Any CPU
		{1EFB26D3-6BCC-44A2-82F5-E32A6A478C7A}.Ad-Hoc|Any CPU.Deploy.0 = Release|Any CPU
		{1EFB26D3-6BCC-44A2-82F5-E32A6A478C7A}.Ad-Hoc|iPhone.ActiveCfg = Release|Any CPU
		{1EFB26D3-6BCC-44A2-82F5-E32A6A478C7A}.Ad-Hoc|iPhone.Build.0 = Release|Any CPU
		{1EFB26D3-6BCC-44A2-82F5-E32A6A478C7A}.Ad-Hoc|iPhone.Deploy.0 = Release|Any CPU
		{1EFB26D3-6BCC-44A2-82F5-E32A6A478C7A}.Ad-Hoc|iPhoneSimulator.ActiveCfg = Release|Any CPU
		{1EFB26D3-6BCC-44A2-82F5-E32A6A478C7A}.Ad-Hoc|iPhoneSimulator.Build.0 = Release|Any CPU
		{1EFB26D3-6BCC-44A2-82F5-E32A6A478C7A}.Ad-Hoc|iPhoneSimulator.Deploy.0 = Release|Any CPU
		{1EFB26D3-6BCC-44A2-82F5-E32A6A478C7A}.AppStore|Any CPU.ActiveCfg = Release|Any CPU
		{1EFB26D3-6BCC-44A2-82F5-E32A6A478C7A}.AppStore|Any CPU.Build.0 = Release|Any CPU
		{1EFB26D3-6BCC-44A2-82F5-E32A6A478C7A}.AppStore|Any CPU.Deploy.0 = Release|Any CPU
		{1EFB26D3-6BCC-44A2-82F5-E32A6A478C7A}.AppStore|iPhone.ActiveCfg = Release|Any CPU
		{1EFB26D3-6BCC-44A2-82F5-E32A6A478C7A}.AppStore|iPhone.Build.0 = Release|Any CPU
		{1EFB26D3-6BCC-44A2-82F5-E32A6A478C7A}.AppStore|iPhone.Deploy.0 = Release|Any CPU
		{1EFB26D3-6BCC-44A2-82F5-E32A6A478C7A}.AppStore|iPhoneSimulator.ActiveCfg = Release|Any CPU
		{1EFB26D3-6BCC-44A2-82F5-E32A6A478C7A}.AppStore|iPhoneSimulator.Build.0 = Release|Any CPU
		{1EFB26D3-6BCC-44A2-82F5-E32A6A478C7A}.AppStore|iPhoneSimulator.Deploy.0 = Release|Any CPU
		{1EFB26D3-6BCC-44A2-82F5-E32A6A478C7A}.Debug|Any CPU.ActiveCfg = Debug|Any CPU
		{1EFB26D3-6BCC-44A2-82F5-E32A6A478C7A}.Debug|Any CPU.Build.0 = Debug|Any CPU
		{1EFB26D3-6BCC-44A2-82F5-E32A6A478C7A}.Debug|Any CPU.Deploy.0 = Debug|Any CPU
		{1EFB26D3-6BCC-44A2-82F5-E32A6A478C7A}.Debug|iPhone.ActiveCfg = Debug|Any CPU
		{1EFB26D3-6BCC-44A2-82F5-E32A6A478C7A}.Debug|iPhone.Build.0 = Debug|Any CPU
		{1EFB26D3-6BCC-44A2-82F5-E32A6A478C7A}.Debug|iPhone.Deploy.0 = Debug|Any CPU
		{1EFB26D3-6BCC-44A2-82F5-E32A6A478C7A}.Debug|iPhoneSimulator.ActiveCfg = Debug|Any CPU
		{1EFB26D3-6BCC-44A2-82F5-E32A6A478C7A}.Debug|iPhoneSimulator.Build.0 = Debug|Any CPU
		{1EFB26D3-6BCC-44A2-82F5-E32A6A478C7A}.Debug|iPhoneSimulator.Deploy.0 = Debug|Any CPU
		{1EFB26D3-6BCC-44A2-82F5-E32A6A478C7A}.Release|Any CPU.ActiveCfg = Release|Any CPU
		{1EFB26D3-6BCC-44A2-82F5-E32A6A478C7A}.Release|Any CPU.Build.0 = Release|Any CPU
		{1EFB26D3-6BCC-44A2-82F5-E32A6A478C7A}.Release|Any CPU.Deploy.0 = Release|Any CPU
		{1EFB26D3-6BCC-44A2-82F5-E32A6A478C7A}.Release|iPhone.ActiveCfg = Release|Any CPU
		{1EFB26D3-6BCC-44A2-82F5-E32A6A478C7A}.Release|iPhone.Build.0 = Release|Any CPU
		{1EFB26D3-6BCC-44A2-82F5-E32A6A478C7A}.Release|iPhone.Deploy.0 = Release|Any CPU
		{1EFB26D3-6BCC-44A2-82F5-E32A6A478C7A}.Release|iPhoneSimulator.ActiveCfg = Release|Any CPU
		{1EFB26D3-6BCC-44A2-82F5-E32A6A478C7A}.Release|iPhoneSimulator.Build.0 = Release|Any CPU
		{1EFB26D3-6BCC-44A2-82F5-E32A6A478C7A}.Release|iPhoneSimulator.Deploy.0 = Release|Any CPU
		{006F37CC-22F6-40D7-A0B1-2383FE5BC8C6}.Ad-Hoc|Any CPU.ActiveCfg = Ad-Hoc|iPhone
		{006F37CC-22F6-40D7-A0B1-2383FE5BC8C6}.Ad-Hoc|iPhone.ActiveCfg = Ad-Hoc|iPhone
		{006F37CC-22F6-40D7-A0B1-2383FE5BC8C6}.Ad-Hoc|iPhone.Build.0 = Ad-Hoc|iPhone
		{006F37CC-22F6-40D7-A0B1-2383FE5BC8C6}.Ad-Hoc|iPhoneSimulator.ActiveCfg = Ad-Hoc|iPhoneSimulator
		{006F37CC-22F6-40D7-A0B1-2383FE5BC8C6}.Ad-Hoc|iPhoneSimulator.Build.0 = Ad-Hoc|iPhoneSimulator
		{006F37CC-22F6-40D7-A0B1-2383FE5BC8C6}.AppStore|Any CPU.ActiveCfg = AppStore|iPhone
		{006F37CC-22F6-40D7-A0B1-2383FE5BC8C6}.AppStore|iPhone.ActiveCfg = AppStore|iPhone
		{006F37CC-22F6-40D7-A0B1-2383FE5BC8C6}.AppStore|iPhone.Build.0 = AppStore|iPhone
		{006F37CC-22F6-40D7-A0B1-2383FE5BC8C6}.AppStore|iPhoneSimulator.ActiveCfg = AppStore|iPhoneSimulator
		{006F37CC-22F6-40D7-A0B1-2383FE5BC8C6}.AppStore|iPhoneSimulator.Build.0 = AppStore|iPhoneSimulator
		{006F37CC-22F6-40D7-A0B1-2383FE5BC8C6}.Debug|Any CPU.ActiveCfg = Debug|iPhone
		{006F37CC-22F6-40D7-A0B1-2383FE5BC8C6}.Debug|iPhone.ActiveCfg = Debug|iPhone
		{006F37CC-22F6-40D7-A0B1-2383FE5BC8C6}.Debug|iPhone.Build.0 = Debug|iPhone
		{006F37CC-22F6-40D7-A0B1-2383FE5BC8C6}.Debug|iPhoneSimulator.ActiveCfg = Debug|iPhoneSimulator
		{006F37CC-22F6-40D7-A0B1-2383FE5BC8C6}.Debug|iPhoneSimulator.Build.0 = Debug|iPhoneSimulator
		{006F37CC-22F6-40D7-A0B1-2383FE5BC8C6}.Release|Any CPU.ActiveCfg = Release|iPhone
		{006F37CC-22F6-40D7-A0B1-2383FE5BC8C6}.Release|iPhone.ActiveCfg = Release|iPhone
		{006F37CC-22F6-40D7-A0B1-2383FE5BC8C6}.Release|iPhone.Build.0 = Release|iPhone
		{006F37CC-22F6-40D7-A0B1-2383FE5BC8C6}.Release|iPhoneSimulator.ActiveCfg = Release|iPhoneSimulator
		{006F37CC-22F6-40D7-A0B1-2383FE5BC8C6}.Release|iPhoneSimulator.Build.0 = Release|iPhoneSimulator
	EndGlobalSection
	GlobalSection(SolutionProperties) = preSolution
		HideSolutionNode = FALSE
	EndGlobalSection
EndGlobal
