
Microsoft Visual Studio Solution File, Format Version 12.00
# Visual Studio 14
VisualStudioVersion = 14.0.25420.1
MinimumVisualStudioVersion = 10.0.40219.1
Project("{FAE04EC0-301F-11D3-BF4B-00C04F79EFBC}") = "XFBprop", "XFBprop\XFBprop\XFBprop.csproj", "{224D24F7-C405-439E-90E6-A85198E78057}"
EndProject
Project("{FAE04EC0-301F-11D3-BF4B-00C04F79EFBC}") = "XFBprop.Droid", "XFBprop\XFBprop.Droid\XFBprop.Droid.csproj", "{305E25BC-2ABB-4A6C-852B-7382399E262C}"
EndProject
Project("{FAE04EC0-301F-11D3-BF4B-00C04F79EFBC}") = "XFBprop.iOS", "XFBprop\XFBprop.iOS\XFBprop.iOS.csproj", "{6F059717-870D-4AF3-81CA-D93B0A5A2D65}"
EndProject
Global
	GlobalSection(SolutionConfigurationPlatforms) = preSolution
		Ad-Hoc|Any CPU = Ad-Hoc|Any CPU
		Ad-Hoc|iPhone = Ad-Hoc|iPhone
		Ad-Hoc|iPhoneSimulator = Ad-Hoc|iPhoneSimulator
		AppStore|Any CPU = AppStore|Any CPU
		AppStore|iPhone = AppStore|iPhone
		AppStore|iPhoneSimulator = AppStore|iPhoneSimulator
		Debug|Any CPU = Debug|Any CPU
		Debug|iPhone = Debug|iPhone
		Debug|iPhoneSimulator = Debug|iPhoneSimulator
		Release|Any CPU = Release|Any CPU
		Release|iPhone = Release|iPhone
		Release|iPhoneSimulator = Release|iPhoneSimulator
	EndGlobalSection
	GlobalSection(ProjectConfigurationPlatforms) = postSolution
		{224D24F7-C405-439E-90E6-A85198E78057}.Ad-Hoc|Any CPU.ActiveCfg = Release|Any CPU
		{224D24F7-C405-439E-90E6-A85198E78057}.Ad-Hoc|Any CPU.Build.0 = Release|Any CPU
		{224D24F7-C405-439E-90E6-A85198E78057}.Ad-Hoc|iPhone.ActiveCfg = Release|Any CPU
		{224D24F7-C405-439E-90E6-A85198E78057}.Ad-Hoc|iPhone.Build.0 = Release|Any CPU
		{224D24F7-C405-439E-90E6-A85198E78057}.Ad-Hoc|iPhoneSimulator.ActiveCfg = Release|Any CPU
		{224D24F7-C405-439E-90E6-A85198E78057}.Ad-Hoc|iPhoneSimulator.Build.0 = Release|Any CPU
		{224D24F7-C405-439E-90E6-A85198E78057}.AppStore|Any CPU.ActiveCfg = Release|Any CPU
		{224D24F7-C405-439E-90E6-A85198E78057}.AppStore|Any CPU.Build.0 = Release|Any CPU
		{224D24F7-C405-439E-90E6-A85198E78057}.AppStore|iPhone.ActiveCfg = Release|Any CPU
		{224D24F7-C405-439E-90E6-A85198E78057}.AppStore|iPhone.Build.0 = Release|Any CPU
		{224D24F7-C405-439E-90E6-A85198E78057}.AppStore|iPhoneSimulator.ActiveCfg = Release|Any CPU
		{224D24F7-C405-439E-90E6-A85198E78057}.AppStore|iPhoneSimulator.Build.0 = Release|Any CPU
		{224D24F7-C405-439E-90E6-A85198E78057}.Debug|Any CPU.ActiveCfg = Debug|Any CPU
		{224D24F7-C405-439E-90E6-A85198E78057}.Debug|Any CPU.Build.0 = Debug|Any CPU
		{224D24F7-C405-439E-90E6-A85198E78057}.Debug|iPhone.ActiveCfg = Debug|Any CPU
		{224D24F7-C405-439E-90E6-A85198E78057}.Debug|iPhone.Build.0 = Debug|Any CPU
		{224D24F7-C405-439E-90E6-A85198E78057}.Debug|iPhoneSimulator.ActiveCfg = Debug|Any CPU
		{224D24F7-C405-439E-90E6-A85198E78057}.Debug|iPhoneSimulator.Build.0 = Debug|Any CPU
		{224D24F7-C405-439E-90E6-A85198E78057}.Release|Any CPU.ActiveCfg = Release|Any CPU
		{224D24F7-C405-439E-90E6-A85198E78057}.Release|Any CPU.Build.0 = Release|Any CPU
		{224D24F7-C405-439E-90E6-A85198E78057}.Release|iPhone.ActiveCfg = Release|Any CPU
		{224D24F7-C405-439E-90E6-A85198E78057}.Release|iPhone.Build.0 = Release|Any CPU
		{224D24F7-C405-439E-90E6-A85198E78057}.Release|iPhoneSimulator.ActiveCfg = Release|Any CPU
		{224D24F7-C405-439E-90E6-A85198E78057}.Release|iPhoneSimulator.Build.0 = Release|Any CPU
		{305E25BC-2ABB-4A6C-852B-7382399E262C}.Ad-Hoc|Any CPU.ActiveCfg = Release|Any CPU
		{305E25BC-2ABB-4A6C-852B-7382399E262C}.Ad-Hoc|Any CPU.Build.0 = Release|Any CPU
		{305E25BC-2ABB-4A6C-852B-7382399E262C}.Ad-Hoc|Any CPU.Deploy.0 = Release|Any CPU
		{305E25BC-2ABB-4A6C-852B-7382399E262C}.Ad-Hoc|iPhone.ActiveCfg = Release|Any CPU
		{305E25BC-2ABB-4A6C-852B-7382399E262C}.Ad-Hoc|iPhone.Build.0 = Release|Any CPU
		{305E25BC-2ABB-4A6C-852B-7382399E262C}.Ad-Hoc|iPhone.Deploy.0 = Release|Any CPU
		{305E25BC-2ABB-4A6C-852B-7382399E262C}.Ad-Hoc|iPhoneSimulator.ActiveCfg = Release|Any CPU
		{305E25BC-2ABB-4A6C-852B-7382399E262C}.Ad-Hoc|iPhoneSimulator.Build.0 = Release|Any CPU
		{305E25BC-2ABB-4A6C-852B-7382399E262C}.Ad-Hoc|iPhoneSimulator.Deploy.0 = Release|Any CPU
		{305E25BC-2ABB-4A6C-852B-7382399E262C}.AppStore|Any CPU.ActiveCfg = Release|Any CPU
		{305E25BC-2ABB-4A6C-852B-7382399E262C}.AppStore|Any CPU.Build.0 = Release|Any CPU
		{305E25BC-2ABB-4A6C-852B-7382399E262C}.AppStore|Any CPU.Deploy.0 = Release|Any CPU
		{305E25BC-2ABB-4A6C-852B-7382399E262C}.AppStore|iPhone.ActiveCfg = Release|Any CPU
		{305E25BC-2ABB-4A6C-852B-7382399E262C}.AppStore|iPhone.Build.0 = Release|Any CPU
		{305E25BC-2ABB-4A6C-852B-7382399E262C}.AppStore|iPhone.Deploy.0 = Release|Any CPU
		{305E25BC-2ABB-4A6C-852B-7382399E262C}.AppStore|iPhoneSimulator.ActiveCfg = Release|Any CPU
		{305E25BC-2ABB-4A6C-852B-7382399E262C}.AppStore|iPhoneSimulator.Build.0 = Release|Any CPU
		{305E25BC-2ABB-4A6C-852B-7382399E262C}.AppStore|iPhoneSimulator.Deploy.0 = Release|Any CPU
		{305E25BC-2ABB-4A6C-852B-7382399E262C}.Debug|Any CPU.ActiveCfg = Debug|Any CPU
		{305E25BC-2ABB-4A6C-852B-7382399E262C}.Debug|Any CPU.Build.0 = Debug|Any CPU
		{305E25BC-2ABB-4A6C-852B-7382399E262C}.Debug|Any CPU.Deploy.0 = Debug|Any CPU
		{305E25BC-2ABB-4A6C-852B-7382399E262C}.Debug|iPhone.ActiveCfg = Debug|Any CPU
		{305E25BC-2ABB-4A6C-852B-7382399E262C}.Debug|iPhone.Build.0 = Debug|Any CPU
		{305E25BC-2ABB-4A6C-852B-7382399E262C}.Debug|iPhone.Deploy.0 = Debug|Any CPU
		{305E25BC-2ABB-4A6C-852B-7382399E262C}.Debug|iPhoneSimulator.ActiveCfg = Debug|Any CPU
		{305E25BC-2ABB-4A6C-852B-7382399E262C}.Debug|iPhoneSimulator.Build.0 = Debug|Any CPU
		{305E25BC-2ABB-4A6C-852B-7382399E262C}.Debug|iPhoneSimulator.Deploy.0 = Debug|Any CPU
		{305E25BC-2ABB-4A6C-852B-7382399E262C}.Release|Any CPU.ActiveCfg = Release|Any CPU
		{305E25BC-2ABB-4A6C-852B-7382399E262C}.Release|Any CPU.Build.0 = Release|Any CPU
		{305E25BC-2ABB-4A6C-852B-7382399E262C}.Release|Any CPU.Deploy.0 = Release|Any CPU
		{305E25BC-2ABB-4A6C-852B-7382399E262C}.Release|iPhone.ActiveCfg = Release|Any CPU
		{305E25BC-2ABB-4A6C-852B-7382399E262C}.Release|iPhone.Build.0 = Release|Any CPU
		{305E25BC-2ABB-4A6C-852B-7382399E262C}.Release|iPhone.Deploy.0 = Release|Any CPU
		{305E25BC-2ABB-4A6C-852B-7382399E262C}.Release|iPhoneSimulator.ActiveCfg = Release|Any CPU
		{305E25BC-2ABB-4A6C-852B-7382399E262C}.Release|iPhoneSimulator.Build.0 = Release|Any CPU
		{305E25BC-2ABB-4A6C-852B-7382399E262C}.Release|iPhoneSimulator.Deploy.0 = Release|Any CPU
		{6F059717-870D-4AF3-81CA-D93B0A5A2D65}.Ad-Hoc|Any CPU.ActiveCfg = Ad-Hoc|iPhone
		{6F059717-870D-4AF3-81CA-D93B0A5A2D65}.Ad-Hoc|iPhone.ActiveCfg = Ad-Hoc|iPhone
		{6F059717-870D-4AF3-81CA-D93B0A5A2D65}.Ad-Hoc|iPhone.Build.0 = Ad-Hoc|iPhone
		{6F059717-870D-4AF3-81CA-D93B0A5A2D65}.Ad-Hoc|iPhoneSimulator.ActiveCfg = Ad-Hoc|iPhoneSimulator
		{6F059717-870D-4AF3-81CA-D93B0A5A2D65}.Ad-Hoc|iPhoneSimulator.Build.0 = Ad-Hoc|iPhoneSimulator
		{6F059717-870D-4AF3-81CA-D93B0A5A2D65}.AppStore|Any CPU.ActiveCfg = AppStore|iPhone
		{6F059717-870D-4AF3-81CA-D93B0A5A2D65}.AppStore|iPhone.ActiveCfg = AppStore|iPhone
		{6F059717-870D-4AF3-81CA-D93B0A5A2D65}.AppStore|iPhone.Build.0 = AppStore|iPhone
		{6F059717-870D-4AF3-81CA-D93B0A5A2D65}.AppStore|iPhoneSimulator.ActiveCfg = AppStore|iPhoneSimulator
		{6F059717-870D-4AF3-81CA-D93B0A5A2D65}.AppStore|iPhoneSimulator.Build.0 = AppStore|iPhoneSimulator
		{6F059717-870D-4AF3-81CA-D93B0A5A2D65}.Debug|Any CPU.ActiveCfg = Debug|iPhone
		{6F059717-870D-4AF3-81CA-D93B0A5A2D65}.Debug|iPhone.ActiveCfg = Debug|iPhone
		{6F059717-870D-4AF3-81CA-D93B0A5A2D65}.Debug|iPhone.Build.0 = Debug|iPhone
		{6F059717-870D-4AF3-81CA-D93B0A5A2D65}.Debug|iPhoneSimulator.ActiveCfg = Debug|iPhoneSimulator
		{6F059717-870D-4AF3-81CA-D93B0A5A2D65}.Debug|iPhoneSimulator.Build.0 = Debug|iPhoneSimulator
		{6F059717-870D-4AF3-81CA-D93B0A5A2D65}.Release|Any CPU.ActiveCfg = Release|iPhone
		{6F059717-870D-4AF3-81CA-D93B0A5A2D65}.Release|iPhone.ActiveCfg = Release|iPhone
		{6F059717-870D-4AF3-81CA-D93B0A5A2D65}.Release|iPhone.Build.0 = Release|iPhone
		{6F059717-870D-4AF3-81CA-D93B0A5A2D65}.Release|iPhoneSimulator.ActiveCfg = Release|iPhoneSimulator
		{6F059717-870D-4AF3-81CA-D93B0A5A2D65}.Release|iPhoneSimulator.Build.0 = Release|iPhoneSimulator
	EndGlobalSection
	GlobalSection(SolutionProperties) = preSolution
		HideSolutionNode = FALSE
	EndGlobalSection
EndGlobal
