
Microsoft Visual Studio Solution File, Format Version 12.00
# Visual Studio 14
VisualStudioVersion = 14.0.25420.1
MinimumVisualStudioVersion = 10.0.40219.1
Project("{FAE04EC0-301F-11D3-BF4B-00C04F79EFBC}") = "XFTabbedPageLab", "XFTabbedPageLab\XFTabbedPageLab\XFTabbedPageLab.csproj", "{05670B9C-66DE-4632-B838-10223D9D0255}"
EndProject
Project("{FAE04EC0-301F-11D3-BF4B-00C04F79EFBC}") = "XFTabbedPageLab.Droid", "XFTabbedPageLab\XFTabbedPageLab.Droid\XFTabbedPageLab.Droid.csproj", "{FC8D7D28-6FE6-4821-AE69-0C8E3218AB61}"
EndProject
Project("{FAE04EC0-301F-11D3-BF4B-00C04F79EFBC}") = "XFTabbedPageLab.iOS", "XFTabbedPageLab\XFTabbedPageLab.iOS\XFTabbedPageLab.iOS.csproj", "{5EC84EE0-D55C-4771-9F3C-2CF9E6EF3F20}"
EndProject
Global
	GlobalSection(SolutionConfigurationPlatforms) = preSolution
		Ad-Hoc|Any CPU = Ad-Hoc|Any CPU
		Ad-Hoc|iPhone = Ad-Hoc|iPhone
		Ad-Hoc|iPhoneSimulator = Ad-Hoc|iPhoneSimulator
		AppStore|Any CPU = AppStore|Any CPU
		AppStore|iPhone = AppStore|iPhone
		AppStore|iPhoneSimulator = AppStore|iPhoneSimulator
		Debug|Any CPU = Debug|Any CPU
		Debug|iPhone = Debug|iPhone
		Debug|iPhoneSimulator = Debug|iPhoneSimulator
		Release|Any CPU = Release|Any CPU
		Release|iPhone = Release|iPhone
		Release|iPhoneSimulator = Release|iPhoneSimulator
	EndGlobalSection
	GlobalSection(ProjectConfigurationPlatforms) = postSolution
		{05670B9C-66DE-4632-B838-10223D9D0255}.Ad-Hoc|Any CPU.ActiveCfg = Release|Any CPU
		{05670B9C-66DE-4632-B838-10223D9D0255}.Ad-Hoc|Any CPU.Build.0 = Release|Any CPU
		{05670B9C-66DE-4632-B838-10223D9D0255}.Ad-Hoc|iPhone.ActiveCfg = Release|Any CPU
		{05670B9C-66DE-4632-B838-10223D9D0255}.Ad-Hoc|iPhone.Build.0 = Release|Any CPU
		{05670B9C-66DE-4632-B838-10223D9D0255}.Ad-Hoc|iPhoneSimulator.ActiveCfg = Release|Any CPU
		{05670B9C-66DE-4632-B838-10223D9D0255}.Ad-Hoc|iPhoneSimulator.Build.0 = Release|Any CPU
		{05670B9C-66DE-4632-B838-10223D9D0255}.AppStore|Any CPU.ActiveCfg = Release|Any CPU
		{05670B9C-66DE-4632-B838-10223D9D0255}.AppStore|Any CPU.Build.0 = Release|Any CPU
		{05670B9C-66DE-4632-B838-10223D9D0255}.AppStore|iPhone.ActiveCfg = Release|Any CPU
		{05670B9C-66DE-4632-B838-10223D9D0255}.AppStore|iPhone.Build.0 = Release|Any CPU
		{05670B9C-66DE-4632-B838-10223D9D0255}.AppStore|iPhoneSimulator.ActiveCfg = Release|Any CPU
		{05670B9C-66DE-4632-B838-10223D9D0255}.AppStore|iPhoneSimulator.Build.0 = Release|Any CPU
		{05670B9C-66DE-4632-B838-10223D9D0255}.Debug|Any CPU.ActiveCfg = Debug|Any CPU
		{05670B9C-66DE-4632-B838-10223D9D0255}.Debug|Any CPU.Build.0 = Debug|Any CPU
		{05670B9C-66DE-4632-B838-10223D9D0255}.Debug|iPhone.ActiveCfg = Debug|Any CPU
		{05670B9C-66DE-4632-B838-10223D9D0255}.Debug|iPhone.Build.0 = Debug|Any CPU
		{05670B9C-66DE-4632-B838-10223D9D0255}.Debug|iPhoneSimulator.ActiveCfg = Debug|Any CPU
		{05670B9C-66DE-4632-B838-10223D9D0255}.Debug|iPhoneSimulator.Build.0 = Debug|Any CPU
		{05670B9C-66DE-4632-B838-10223D9D0255}.Release|Any CPU.ActiveCfg = Release|Any CPU
		{05670B9C-66DE-4632-B838-10223D9D0255}.Release|Any CPU.Build.0 = Release|Any CPU
		{05670B9C-66DE-4632-B838-10223D9D0255}.Release|iPhone.ActiveCfg = Release|Any CPU
		{05670B9C-66DE-4632-B838-10223D9D0255}.Release|iPhone.Build.0 = Release|Any CPU
		{05670B9C-66DE-4632-B838-10223D9D0255}.Release|iPhoneSimulator.ActiveCfg = Release|Any CPU
		{05670B9C-66DE-4632-B838-10223D9D0255}.Release|iPhoneSimulator.Build.0 = Release|Any CPU
		{FC8D7D28-6FE6-4821-AE69-0C8E3218AB61}.Ad-Hoc|Any CPU.ActiveCfg = Release|Any CPU
		{FC8D7D28-6FE6-4821-AE69-0C8E3218AB61}.Ad-Hoc|Any CPU.Build.0 = Release|Any CPU
		{FC8D7D28-6FE6-4821-AE69-0C8E3218AB61}.Ad-Hoc|Any CPU.Deploy.0 = Release|Any CPU
		{FC8D7D28-6FE6-4821-AE69-0C8E3218AB61}.Ad-Hoc|iPhone.ActiveCfg = Release|Any CPU
		{FC8D7D28-6FE6-4821-AE69-0C8E3218AB61}.Ad-Hoc|iPhone.Build.0 = Release|Any CPU
		{FC8D7D28-6FE6-4821-AE69-0C8E3218AB61}.Ad-Hoc|iPhone.Deploy.0 = Release|Any CPU
		{FC8D7D28-6FE6-4821-AE69-0C8E3218AB61}.Ad-Hoc|iPhoneSimulator.ActiveCfg = Release|Any CPU
		{FC8D7D28-6FE6-4821-AE69-0C8E3218AB61}.Ad-Hoc|iPhoneSimulator.Build.0 = Release|Any CPU
		{FC8D7D28-6FE6-4821-AE69-0C8E3218AB61}.Ad-Hoc|iPhoneSimulator.Deploy.0 = Release|Any CPU
		{FC8D7D28-6FE6-4821-AE69-0C8E3218AB61}.AppStore|Any CPU.ActiveCfg = Release|Any CPU
		{FC8D7D28-6FE6-4821-AE69-0C8E3218AB61}.AppStore|Any CPU.Build.0 = Release|Any CPU
		{FC8D7D28-6FE6-4821-AE69-0C8E3218AB61}.AppStore|Any CPU.Deploy.0 = Release|Any CPU
		{FC8D7D28-6FE6-4821-AE69-0C8E3218AB61}.AppStore|iPhone.ActiveCfg = Release|Any CPU
		{FC8D7D28-6FE6-4821-AE69-0C8E3218AB61}.AppStore|iPhone.Build.0 = Release|Any CPU
		{FC8D7D28-6FE6-4821-AE69-0C8E3218AB61}.AppStore|iPhone.Deploy.0 = Release|Any CPU
		{FC8D7D28-6FE6-4821-AE69-0C8E3218AB61}.AppStore|iPhoneSimulator.ActiveCfg = Release|Any CPU
		{FC8D7D28-6FE6-4821-AE69-0C8E3218AB61}.AppStore|iPhoneSimulator.Build.0 = Release|Any CPU
		{FC8D7D28-6FE6-4821-AE69-0C8E3218AB61}.AppStore|iPhoneSimulator.Deploy.0 = Release|Any CPU
		{FC8D7D28-6FE6-4821-AE69-0C8E3218AB61}.Debug|Any CPU.ActiveCfg = Debug|Any CPU
		{FC8D7D28-6FE6-4821-AE69-0C8E3218AB61}.Debug|Any CPU.Build.0 = Debug|Any CPU
		{FC8D7D28-6FE6-4821-AE69-0C8E3218AB61}.Debug|Any CPU.Deploy.0 = Debug|Any CPU
		{FC8D7D28-6FE6-4821-AE69-0C8E3218AB61}.Debug|iPhone.ActiveCfg = Debug|Any CPU
		{FC8D7D28-6FE6-4821-AE69-0C8E3218AB61}.Debug|iPhone.Build.0 = Debug|Any CPU
		{FC8D7D28-6FE6-4821-AE69-0C8E3218AB61}.Debug|iPhone.Deploy.0 = Debug|Any CPU
		{FC8D7D28-6FE6-4821-AE69-0C8E3218AB61}.Debug|iPhoneSimulator.ActiveCfg = Debug|Any CPU
		{FC8D7D28-6FE6-4821-AE69-0C8E3218AB61}.Debug|iPhoneSimulator.Build.0 = Debug|Any CPU
		{FC8D7D28-6FE6-4821-AE69-0C8E3218AB61}.Debug|iPhoneSimulator.Deploy.0 = Debug|Any CPU
		{FC8D7D28-6FE6-4821-AE69-0C8E3218AB61}.Release|Any CPU.ActiveCfg = Release|Any CPU
		{FC8D7D28-6FE6-4821-AE69-0C8E3218AB61}.Release|Any CPU.Build.0 = Release|Any CPU
		{FC8D7D28-6FE6-4821-AE69-0C8E3218AB61}.Release|Any CPU.Deploy.0 = Release|Any CPU
		{FC8D7D28-6FE6-4821-AE69-0C8E3218AB61}.Release|iPhone.ActiveCfg = Release|Any CPU
		{FC8D7D28-6FE6-4821-AE69-0C8E3218AB61}.Release|iPhone.Build.0 = Release|Any CPU
		{FC8D7D28-6FE6-4821-AE69-0C8E3218AB61}.Release|iPhone.Deploy.0 = Release|Any CPU
		{FC8D7D28-6FE6-4821-AE69-0C8E3218AB61}.Release|iPhoneSimulator.ActiveCfg = Release|Any CPU
		{FC8D7D28-6FE6-4821-AE69-0C8E3218AB61}.Release|iPhoneSimulator.Build.0 = Release|Any CPU
		{FC8D7D28-6FE6-4821-AE69-0C8E3218AB61}.Release|iPhoneSimulator.Deploy.0 = Release|Any CPU
		{5EC84EE0-D55C-4771-9F3C-2CF9E6EF3F20}.Ad-Hoc|Any CPU.ActiveCfg = Ad-Hoc|iPhone
		{5EC84EE0-D55C-4771-9F3C-2CF9E6EF3F20}.Ad-Hoc|iPhone.ActiveCfg = Ad-Hoc|iPhone
		{5EC84EE0-D55C-4771-9F3C-2CF9E6EF3F20}.Ad-Hoc|iPhone.Build.0 = Ad-Hoc|iPhone
		{5EC84EE0-D55C-4771-9F3C-2CF9E6EF3F20}.Ad-Hoc|iPhoneSimulator.ActiveCfg = Ad-Hoc|iPhoneSimulator
		{5EC84EE0-D55C-4771-9F3C-2CF9E6EF3F20}.Ad-Hoc|iPhoneSimulator.Build.0 = Ad-Hoc|iPhoneSimulator
		{5EC84EE0-D55C-4771-9F3C-2CF9E6EF3F20}.AppStore|Any CPU.ActiveCfg = AppStore|iPhone
		{5EC84EE0-D55C-4771-9F3C-2CF9E6EF3F20}.AppStore|iPhone.ActiveCfg = AppStore|iPhone
		{5EC84EE0-D55C-4771-9F3C-2CF9E6EF3F20}.AppStore|iPhone.Build.0 = AppStore|iPhone
		{5EC84EE0-D55C-4771-9F3C-2CF9E6EF3F20}.AppStore|iPhoneSimulator.ActiveCfg = AppStore|iPhoneSimulator
		{5EC84EE0-D55C-4771-9F3C-2CF9E6EF3F20}.AppStore|iPhoneSimulator.Build.0 = AppStore|iPhoneSimulator
		{5EC84EE0-D55C-4771-9F3C-2CF9E6EF3F20}.Debug|Any CPU.ActiveCfg = Debug|iPhone
		{5EC84EE0-D55C-4771-9F3C-2CF9E6EF3F20}.Debug|iPhone.ActiveCfg = Debug|iPhone
		{5EC84EE0-D55C-4771-9F3C-2CF9E6EF3F20}.Debug|iPhone.Build.0 = Debug|iPhone
		{5EC84EE0-D55C-4771-9F3C-2CF9E6EF3F20}.Debug|iPhoneSimulator.ActiveCfg = Debug|iPhoneSimulator
		{5EC84EE0-D55C-4771-9F3C-2CF9E6EF3F20}.Debug|iPhoneSimulator.Build.0 = Debug|iPhoneSimulator
		{5EC84EE0-D55C-4771-9F3C-2CF9E6EF3F20}.Release|Any CPU.ActiveCfg = Release|iPhone
		{5EC84EE0-D55C-4771-9F3C-2CF9E6EF3F20}.Release|iPhone.ActiveCfg = Release|iPhone
		{5EC84EE0-D55C-4771-9F3C-2CF9E6EF3F20}.Release|iPhone.Build.0 = Release|iPhone
		{5EC84EE0-D55C-4771-9F3C-2CF9E6EF3F20}.Release|iPhoneSimulator.ActiveCfg = Release|iPhoneSimulator
		{5EC84EE0-D55C-4771-9F3C-2CF9E6EF3F20}.Release|iPhoneSimulator.Build.0 = Release|iPhoneSimulator
	EndGlobalSection
	GlobalSection(SolutionProperties) = preSolution
		HideSolutionNode = FALSE
	EndGlobalSection
EndGlobal
